
Microsoft Visual Studio Solution File, Format Version 12.00
# Visual Studio 14
VisualStudioVersion = 14.0.25420.1
MinimumVisualStudioVersion = 10.0.40219.1
Project("{FAE04EC0-301F-11D3-BF4B-00C04F79EFBC}") = "Hello", "Hello\Hello.csproj", "{4B71E4DD-F927-45AB-869A-73966FFBCF3A}"
EndProject
Project("{FAE04EC0-301F-11D3-BF4B-00C04F79EFBC}") = "Taulukkoharjoitus", "Taulukkoharjoitus\Taulukkoharjoitus.csproj", "{3E86F62C-D954-4CEC-868C-9560ECD5825C}"
EndProject
Project("{FAE04EC0-301F-11D3-BF4B-00C04F79EFBC}") = "Lottoharjoitus", "Lottoharjoitus\Lottoharjoitus.csproj", "{A141F5B0-C34B-4CAC-9398-8D1098688427}"
EndProject
Global
	GlobalSection(SolutionConfigurationPlatforms) = preSolution
		Debug|Any CPU = Debug|Any CPU
		Release|Any CPU = Release|Any CPU
	EndGlobalSection
	GlobalSection(ProjectConfigurationPlatforms) = postSolution
		{4B71E4DD-F927-45AB-869A-73966FFBCF3A}.Debug|Any CPU.ActiveCfg = Debug|Any CPU
		{4B71E4DD-F927-45AB-869A-73966FFBCF3A}.Debug|Any CPU.Build.0 = Debug|Any CPU
		{4B71E4DD-F927-45AB-869A-73966FFBCF3A}.Release|Any CPU.ActiveCfg = Release|Any CPU
		{4B71E4DD-F927-45AB-869A-73966FFBCF3A}.Release|Any CPU.Build.0 = Release|Any CPU
		{3E86F62C-D954-4CEC-868C-9560ECD5825C}.Debug|Any CPU.ActiveCfg = Debug|Any CPU
		{3E86F62C-D954-4CEC-868C-9560ECD5825C}.Debug|Any CPU.Build.0 = Debug|Any CPU
		{3E86F62C-D954-4CEC-868C-9560ECD5825C}.Release|Any CPU.ActiveCfg = Release|Any CPU
		{3E86F62C-D954-4CEC-868C-9560ECD5825C}.Release|Any CPU.Build.0 = Release|Any CPU
		{A141F5B0-C34B-4CAC-9398-8D1098688427}.Debug|Any CPU.ActiveCfg = Debug|Any CPU
		{A141F5B0-C34B-4CAC-9398-8D1098688427}.Debug|Any CPU.Build.0 = Debug|Any CPU
		{A141F5B0-C34B-4CAC-9398-8D1098688427}.Release|Any CPU.ActiveCfg = Release|Any CPU
		{A141F5B0-C34B-4CAC-9398-8D1098688427}.Release|Any CPU.Build.0 = Release|Any CPU
	EndGlobalSection
	GlobalSection(SolutionProperties) = preSolution
		HideSolutionNode = FALSE
	EndGlobalSection
EndGlobal
